
Microsoft Visual Studio Solution File, Format Version 12.00
# Visual Studio Version 17
VisualStudioVersion = 17.10.35027.167
MinimumVisualStudioVersion = 10.0.40219.1
Project("{FAE04EC0-301F-11D3-BF4B-00C04F79EFBC}") = "DPM225440_TranVanLuan_Real01_AbstractFactory", "DPM225440_TranVanLuan_Real01_AbstractFactory\DPM225440_TranVanLuan_Real01_AbstractFactory.csproj", "{28C7A6DB-BDE6-4928-A978-535087618D41}"
EndProject
Global
	GlobalSection(SolutionConfigurationPlatforms) = preSolution
		Debug|Any CPU = Debug|Any CPU
		Release|Any CPU = Release|Any CPU
	EndGlobalSection
	GlobalSection(ProjectConfigurationPlatforms) = postSolution
		{28C7A6DB-BDE6-4928-A978-535087618D41}.Debug|Any CPU.ActiveCfg = Debug|Any CPU
		{28C7A6DB-BDE6-4928-A978-535087618D41}.Debug|Any CPU.Build.0 = Debug|Any CPU
		{28C7A6DB-BDE6-4928-A978-535087618D41}.Release|Any CPU.ActiveCfg = Release|Any CPU
		{28C7A6DB-BDE6-4928-A978-535087618D41}.Release|Any CPU.Build.0 = Release|Any CPU
	EndGlobalSection
	GlobalSection(SolutionProperties) = preSolution
		HideSolutionNode = FALSE
	EndGlobalSection
	GlobalSection(ExtensibilityGlobals) = postSolution
		SolutionGuid = {09EE43E2-3011-4E24-93A1-3005976B786F}
	EndGlobalSection
EndGlobal
